
Microsoft Visual Studio Solution File, Format Version 12.00
# Visual Studio Version 17
VisualStudioVersion = 17.9.34622.214
MinimumVisualStudioVersion = 10.0.40219.1
Project("{FAE04EC0-301F-11D3-BF4B-00C04F79EFBC}") = "Scraping2", "Scraping2\Scraping2.csproj", "{816E77FB-78CD-4DEA-9187-DE8B99086DE2}"
EndProject
Global
	GlobalSection(SolutionConfigurationPlatforms) = preSolution
		Debug|Any CPU = Debug|Any CPU
		Release|Any CPU = Release|Any CPU
	EndGlobalSection
	GlobalSection(ProjectConfigurationPlatforms) = postSolution
		{816E77FB-78CD-4DEA-9187-DE8B99086DE2}.Debug|Any CPU.ActiveCfg = Debug|Any CPU
		{816E77FB-78CD-4DEA-9187-DE8B99086DE2}.Debug|Any CPU.Build.0 = Debug|Any CPU
		{816E77FB-78CD-4DEA-9187-DE8B99086DE2}.Release|Any CPU.ActiveCfg = Release|Any CPU
		{816E77FB-78CD-4DEA-9187-DE8B99086DE2}.Release|Any CPU.Build.0 = Release|Any CPU
	EndGlobalSection
	GlobalSection(SolutionProperties) = preSolution
		HideSolutionNode = FALSE
	EndGlobalSection
	GlobalSection(ExtensibilityGlobals) = postSolution
		SolutionGuid = {7A8564D7-F557-4C19-9127-1E5224A1DE82}
	EndGlobalSection
EndGlobal
